
Microsoft Visual Studio Solution File, Format Version 12.00
# Visual Studio Version 17
VisualStudioVersion = 17.0.31919.166
MinimumVisualStudioVersion = 10.0.40219.1
Project("{FAE04EC0-301F-11D3-BF4B-00C04F79EFBC}") = "Dev.API", "Dev.API\Dev.API.csproj", "{0D776759-E2E7-4BF5-872D-5EB0A4CE5FCD}"
EndProject
Global
	GlobalSection(SolutionConfigurationPlatforms) = preSolution
		Debug|Any CPU = Debug|Any CPU
		Release|Any CPU = Release|Any CPU
	EndGlobalSection
	GlobalSection(ProjectConfigurationPlatforms) = postSolution
		{0D776759-E2E7-4BF5-872D-5EB0A4CE5FCD}.Debug|Any CPU.ActiveCfg = Debug|Any CPU
		{0D776759-E2E7-4BF5-872D-5EB0A4CE5FCD}.Debug|Any CPU.Build.0 = Debug|Any CPU
		{0D776759-E2E7-4BF5-872D-5EB0A4CE5FCD}.Release|Any CPU.ActiveCfg = Release|Any CPU
		{0D776759-E2E7-4BF5-872D-5EB0A4CE5FCD}.Release|Any CPU.Build.0 = Release|Any CPU
	EndGlobalSection
	GlobalSection(SolutionProperties) = preSolution
		HideSolutionNode = FALSE
	EndGlobalSection
	GlobalSection(ExtensibilityGlobals) = postSolution
		SolutionGuid = {11D73C41-4269-4426-965C-B273DCAA34E6}
	EndGlobalSection
EndGlobal
